
Microsoft Visual Studio Solution File, Format Version 12.00
# Visual Studio Version 16
VisualStudioVersion = 16.0.31112.23
MinimumVisualStudioVersion = 10.0.40219.1
Project("{9A19103F-16F7-4668-BE54-9A1E7A4F7556}") = "VacationForm", "VacationForm\VacationForm.csproj", "{297CD603-323C-4B61-BCD4-A45D7A9D2E4C}"
EndProject
Project("{9A19103F-16F7-4668-BE54-9A1E7A4F7556}") = "Repository", "Repository\Repository.csproj", "{15127114-2C5A-49EB-98C5-13FAC31E3B24}"
EndProject
Project("{9A19103F-16F7-4668-BE54-9A1E7A4F7556}") = "Model", "Model\Model.csproj", "{E7D63A59-18D5-433E-9CAF-511A6E842CDB}"
EndProject
Project("{9A19103F-16F7-4668-BE54-9A1E7A4F7556}") = "Data", "Data\Data.csproj", "{15942773-3D2E-4AE5-85FF-1E3C0B718123}"
EndProject
Project("{9A19103F-16F7-4668-BE54-9A1E7A4F7556}") = "Service", "Service\Service.csproj", "{75625AB4-6C66-4B60-83A2-C1557F6D3934}"
EndProject
Project("{9A19103F-16F7-4668-BE54-9A1E7A4F7556}") = "UnitOfWorks", "UnitOfWork\UnitOfWorks.csproj", "{C7A22BBD-195A-405F-9994-86C333986EE4}"
EndProject
Global
	GlobalSection(SolutionConfigurationPlatforms) = preSolution
		Debug|Any CPU = Debug|Any CPU
		Release|Any CPU = Release|Any CPU
	EndGlobalSection
	GlobalSection(ProjectConfigurationPlatforms) = postSolution
		{297CD603-323C-4B61-BCD4-A45D7A9D2E4C}.Debug|Any CPU.ActiveCfg = Debug|Any CPU
		{297CD603-323C-4B61-BCD4-A45D7A9D2E4C}.Debug|Any CPU.Build.0 = Debug|Any CPU
		{297CD603-323C-4B61-BCD4-A45D7A9D2E4C}.Release|Any CPU.ActiveCfg = Release|Any CPU
		{297CD603-323C-4B61-BCD4-A45D7A9D2E4C}.Release|Any CPU.Build.0 = Release|Any CPU
		{15127114-2C5A-49EB-98C5-13FAC31E3B24}.Debug|Any CPU.ActiveCfg = Debug|Any CPU
		{15127114-2C5A-49EB-98C5-13FAC31E3B24}.Debug|Any CPU.Build.0 = Debug|Any CPU
		{15127114-2C5A-49EB-98C5-13FAC31E3B24}.Release|Any CPU.ActiveCfg = Release|Any CPU
		{15127114-2C5A-49EB-98C5-13FAC31E3B24}.Release|Any CPU.Build.0 = Release|Any CPU
		{E7D63A59-18D5-433E-9CAF-511A6E842CDB}.Debug|Any CPU.ActiveCfg = Debug|Any CPU
		{E7D63A59-18D5-433E-9CAF-511A6E842CDB}.Debug|Any CPU.Build.0 = Debug|Any CPU
		{E7D63A59-18D5-433E-9CAF-511A6E842CDB}.Release|Any CPU.ActiveCfg = Release|Any CPU
		{E7D63A59-18D5-433E-9CAF-511A6E842CDB}.Release|Any CPU.Build.0 = Release|Any CPU
		{15942773-3D2E-4AE5-85FF-1E3C0B718123}.Debug|Any CPU.ActiveCfg = Debug|Any CPU
		{15942773-3D2E-4AE5-85FF-1E3C0B718123}.Debug|Any CPU.Build.0 = Debug|Any CPU
		{15942773-3D2E-4AE5-85FF-1E3C0B718123}.Release|Any CPU.ActiveCfg = Release|Any CPU
		{15942773-3D2E-4AE5-85FF-1E3C0B718123}.Release|Any CPU.Build.0 = Release|Any CPU
		{75625AB4-6C66-4B60-83A2-C1557F6D3934}.Debug|Any CPU.ActiveCfg = Debug|Any CPU
		{75625AB4-6C66-4B60-83A2-C1557F6D3934}.Debug|Any CPU.Build.0 = Debug|Any CPU
		{75625AB4-6C66-4B60-83A2-C1557F6D3934}.Release|Any CPU.ActiveCfg = Release|Any CPU
		{75625AB4-6C66-4B60-83A2-C1557F6D3934}.Release|Any CPU.Build.0 = Release|Any CPU
		{C7A22BBD-195A-405F-9994-86C333986EE4}.Debug|Any CPU.ActiveCfg = Debug|Any CPU
		{C7A22BBD-195A-405F-9994-86C333986EE4}.Debug|Any CPU.Build.0 = Debug|Any CPU
		{C7A22BBD-195A-405F-9994-86C333986EE4}.Release|Any CPU.ActiveCfg = Release|Any CPU
		{C7A22BBD-195A-405F-9994-86C333986EE4}.Release|Any CPU.Build.0 = Release|Any CPU
	EndGlobalSection
	GlobalSection(SolutionProperties) = preSolution
		HideSolutionNode = FALSE
	EndGlobalSection
	GlobalSection(ExtensibilityGlobals) = postSolution
		SolutionGuid = {060F0364-6B2F-48C7-904C-3D8F2A7153E7}
	EndGlobalSection
EndGlobal
